// !$*UTF8*$!
{
	archiveVersion = 1;
	classes = {
	};
	objectVersion = 46;
	objects = {

/* Begin PBXBuildFile section */
		74EC06DA15DAC75E004A284D /* Foundation.framework in Frameworks */ = {isa = PBXBuildFile; fileRef = 74EC06D915DAC75D004A284D /* Foundation.framework */; };
		74EC06E915DAC75E004A284D /* SenTestingKit.framework in Frameworks */ = {isa = PBXBuildFile; fileRef = 74EC06E815DAC75E004A284D /* SenTestingKit.framework */; };
		74EC06EC15DAC75E004A284D /* Foundation.framework in Frameworks */ = {isa = PBXBuildFile; fileRef = 74EC06D915DAC75D004A284D /* Foundation.framework */; };
		74EC06EF15DAC75E004A284D /* libAPServiceBox.a in Frameworks */ = {isa = PBXBuildFile; fileRef = 74EC06D615DAC75D004A284D /* libAPServiceBox.a */; };
		74EC06F515DAC75E004A284D /* InfoPlist.strings in Resources */ = {isa = PBXBuildFile; fileRef = 74EC06F315DAC75E004A284D /* InfoPlist.strings */; };
		74EC070915DAC7E8004A284D /* APServiceBoxTest.m in Sources */ = {isa = PBXBuildFile; fileRef = 74EC070315DAC7E8004A284D /* APServiceBoxTest.m */; };
		74EC070A15DAC7E8004A284D /* Injectable.m in Sources */ = {isa = PBXBuildFile; fileRef = 74EC070615DAC7E8004A284D /* Injectable.m */; };
		74EC070B15DAC7E8004A284D /* InjectableSubclass.m in Sources */ = {isa = PBXBuildFile; fileRef = 74EC070815DAC7E8004A284D /* InjectableSubclass.m */; };
		74EC070E15DAC807004A284D /* APServiceBox.m in Sources */ = {isa = PBXBuildFile; fileRef = 74EC070D15DAC807004A284D /* APServiceBox.m */; };
		74EC070F15DAC807004A284D /* APServiceBox.m in Sources */ = {isa = PBXBuildFile; fileRef = 74EC070D15DAC807004A284D /* APServiceBox.m */; };
/* End PBXBuildFile section */

/* Begin PBXContainerItemProxy section */
		74EC06ED15DAC75E004A284D /* PBXContainerItemProxy */ = {
			isa = PBXContainerItemProxy;
			containerPortal = 74EC06CD15DAC75D004A284D /* Project object */;
			proxyType = 1;
			remoteGlobalIDString = 74EC06D515DAC75D004A284D;
			remoteInfo = ServiceBox;
		};
/* End PBXContainerItemProxy section */

/* Begin PBXCopyFilesBuildPhase section */
		74EC06D415DAC75D004A284D /* CopyFiles */ = {
			isa = PBXCopyFilesBuildPhase;
			buildActionMask = 2147483647;
			dstPath = "include/${PRODUCT_NAME}";
			dstSubfolderSpec = 16;
			files = (
			);
			runOnlyForDeploymentPostprocessing = 0;
		};
/* End PBXCopyFilesBuildPhase section */

/* Begin PBXFileReference section */
		74EC06D615DAC75D004A284D /* libAPServiceBox.a */ = {isa = PBXFileReference; explicitFileType = archive.ar; includeInIndex = 0; path = libAPServiceBox.a; sourceTree = BUILT_PRODUCTS_DIR; };
		74EC06D915DAC75D004A284D /* Foundation.framework */ = {isa = PBXFileReference; lastKnownFileType = wrapper.framework; name = Foundation.framework; path = System/Library/Frameworks/Foundation.framework; sourceTree = SDKROOT; };
		74EC06DD15DAC75E004A284D /* APServiceBox-Prefix.pch */ = {isa = PBXFileReference; lastKnownFileType = sourcecode.c.h; path = "APServiceBox-Prefix.pch"; sourceTree = "<group>"; };
		74EC06E715DAC75E004A284D /* APServiceBoxTests.octest */ = {isa = PBXFileReference; explicitFileType = wrapper.cfbundle; includeInIndex = 0; path = APServiceBoxTests.octest; sourceTree = BUILT_PRODUCTS_DIR; };
		74EC06E815DAC75E004A284D /* SenTestingKit.framework */ = {isa = PBXFileReference; lastKnownFileType = wrapper.framework; name = SenTestingKit.framework; path = Library/Frameworks/SenTestingKit.framework; sourceTree = DEVELOPER_DIR; };
		74EC06F215DAC75E004A284D /* APServiceBoxTests-Info.plist */ = {isa = PBXFileReference; lastKnownFileType = text.plist.xml; path = "APServiceBoxTests-Info.plist"; sourceTree = "<group>"; };
		74EC06F415DAC75E004A284D /* en */ = {isa = PBXFileReference; lastKnownFileType = text.plist.strings; name = en; path = en.lproj/InfoPlist.strings; sourceTree = "<group>"; };
		74EC070215DAC7E8004A284D /* APServiceBoxTest.h */ = {isa = PBXFileReference; fileEncoding = 4; lastKnownFileType = sourcecode.c.h; path = APServiceBoxTest.h; sourceTree = "<group>"; };
		74EC070315DAC7E8004A284D /* APServiceBoxTest.m */ = {isa = PBXFileReference; fileEncoding = 4; lastKnownFileType = sourcecode.c.objc; path = APServiceBoxTest.m; sourceTree = "<group>"; };
		74EC070515DAC7E8004A284D /* Injectable.h */ = {isa = PBXFileReference; fileEncoding = 4; lastKnownFileType = sourcecode.c.h; path = Injectable.h; sourceTree = "<group>"; };
		74EC070615DAC7E8004A284D /* Injectable.m */ = {isa = PBXFileReference; fileEncoding = 4; lastKnownFileType = sourcecode.c.objc; path = Injectable.m; sourceTree = "<group>"; };
		74EC070715DAC7E8004A284D /* InjectableSubclass.h */ = {isa = PBXFileReference; fileEncoding = 4; lastKnownFileType = sourcecode.c.h; path = InjectableSubclass.h; sourceTree = "<group>"; };
		74EC070815DAC7E8004A284D /* InjectableSubclass.m */ = {isa = PBXFileReference; fileEncoding = 4; lastKnownFileType = sourcecode.c.objc; path = InjectableSubclass.m; sourceTree = "<group>"; };
		74EC070C15DAC807004A284D /* APServiceBox.h */ = {isa = PBXFileReference; fileEncoding = 4; lastKnownFileType = sourcecode.c.h; path = APServiceBox.h; sourceTree = "<group>"; };
		74EC070D15DAC807004A284D /* APServiceBox.m */ = {isa = PBXFileReference; fileEncoding = 4; lastKnownFileType = sourcecode.c.objc; path = APServiceBox.m; sourceTree = "<group>"; };
/* End PBXFileReference section */

/* Begin PBXFrameworksBuildPhase section */
		74EC06D315DAC75D004A284D /* Frameworks */ = {
			isa = PBXFrameworksBuildPhase;
			buildActionMask = 2147483647;
			files = (
				74EC06DA15DAC75E004A284D /* Foundation.framework in Frameworks */,
			);
			runOnlyForDeploymentPostprocessing = 0;
		};
		74EC06E315DAC75E004A284D /* Frameworks */ = {
			isa = PBXFrameworksBuildPhase;
			buildActionMask = 2147483647;
			files = (
				74EC06E915DAC75E004A284D /* SenTestingKit.framework in Frameworks */,
				74EC06EC15DAC75E004A284D /* Foundation.framework in Frameworks */,
				74EC06EF15DAC75E004A284D /* libAPServiceBox.a in Frameworks */,
			);
			runOnlyForDeploymentPostprocessing = 0;
		};
/* End PBXFrameworksBuildPhase section */

/* Begin PBXGroup section */
		74EC06CB15DAC75D004A284D = {
			isa = PBXGroup;
			children = (
				74EC06DB15DAC75E004A284D /* ServiceBox */,
				74EC06F015DAC75E004A284D /* ServiceBoxTests */,
				74EC06D815DAC75D004A284D /* Frameworks */,
				74EC06D715DAC75D004A284D /* Products */,
			);
			sourceTree = "<group>";
		};
		74EC06D715DAC75D004A284D /* Products */ = {
			isa = PBXGroup;
			children = (
				74EC06D615DAC75D004A284D /* libAPServiceBox.a */,
				74EC06E715DAC75E004A284D /* APServiceBoxTests.octest */,
			);
			name = Products;
			sourceTree = "<group>";
		};
		74EC06D815DAC75D004A284D /* Frameworks */ = {
			isa = PBXGroup;
			children = (
				74EC06D915DAC75D004A284D /* Foundation.framework */,
				74EC06E815DAC75E004A284D /* SenTestingKit.framework */,
			);
			name = Frameworks;
			sourceTree = "<group>";
		};
		74EC06DB15DAC75E004A284D /* ServiceBox */ = {
			isa = PBXGroup;
			children = (
				74EC070C15DAC807004A284D /* APServiceBox.h */,
				74EC070D15DAC807004A284D /* APServiceBox.m */,
				74EC06DC15DAC75E004A284D /* Supporting Files */,
			);
			path = ServiceBox;
			sourceTree = "<group>";
		};
		74EC06DC15DAC75E004A284D /* Supporting Files */ = {
			isa = PBXGroup;
			children = (
				74EC06DD15DAC75E004A284D /* APServiceBox-Prefix.pch */,
			);
			name = "Supporting Files";
			sourceTree = "<group>";
		};
		74EC06F015DAC75E004A284D /* ServiceBoxTests */ = {
			isa = PBXGroup;
			children = (
				74EC070115DAC7E8004A284D /* TestCases */,
				74EC070415DAC7E8004A284D /* TestClasses */,
				74EC06F115DAC75E004A284D /* Supporting Files */,
			);
			path = ServiceBoxTests;
			sourceTree = "<group>";
		};
		74EC06F115DAC75E004A284D /* Supporting Files */ = {
			isa = PBXGroup;
			children = (
				74EC06F215DAC75E004A284D /* APServiceBoxTests-Info.plist */,
				74EC06F315DAC75E004A284D /* InfoPlist.strings */,
			);
			name = "Supporting Files";
			sourceTree = "<group>";
		};
		74EC070115DAC7E8004A284D /* TestCases */ = {
			isa = PBXGroup;
			children = (
				74EC070215DAC7E8004A284D /* APServiceBoxTest.h */,
				74EC070315DAC7E8004A284D /* APServiceBoxTest.m */,
			);
			path = TestCases;
			sourceTree = "<group>";
		};
		74EC070415DAC7E8004A284D /* TestClasses */ = {
			isa = PBXGroup;
			children = (
				74EC070515DAC7E8004A284D /* Injectable.h */,
				74EC070615DAC7E8004A284D /* Injectable.m */,
				74EC070715DAC7E8004A284D /* InjectableSubclass.h */,
				74EC070815DAC7E8004A284D /* InjectableSubclass.m */,
			);
			path = TestClasses;
			sourceTree = "<group>";
		};
/* End PBXGroup section */

/* Begin PBXNativeTarget section */
		74EC06D515DAC75D004A284D /* APServiceBox */ = {
			isa = PBXNativeTarget;
			buildConfigurationList = 74EC06FB15DAC75E004A284D /* Build configuration list for PBXNativeTarget "APServiceBox" */;
			buildPhases = (
				74EC06D215DAC75D004A284D /* Sources */,
				74EC06D315DAC75D004A284D /* Frameworks */,
				74EC06D415DAC75D004A284D /* CopyFiles */,
			);
			buildRules = (
			);
			dependencies = (
			);
			name = APServiceBox;
			productName = ServiceBox;
			productReference = 74EC06D615DAC75D004A284D /* libAPServiceBox.a */;
			productType = "com.apple.product-type.library.static";
		};
		74EC06E615DAC75E004A284D /* APServiceBoxTests */ = {
			isa = PBXNativeTarget;
			buildConfigurationList = 74EC06FE15DAC75E004A284D /* Build configuration list for PBXNativeTarget "APServiceBoxTests" */;
			buildPhases = (
				74EC06E215DAC75E004A284D /* Sources */,
				74EC06E315DAC75E004A284D /* Frameworks */,
				74EC06E415DAC75E004A284D /* Resources */,
				74EC06E515DAC75E004A284D /* ShellScript */,
			);
			buildRules = (
			);
			dependencies = (
				74EC06EE15DAC75E004A284D /* PBXTargetDependency */,
			);
			name = APServiceBoxTests;
			productName = ServiceBoxTests;
			productReference = 74EC06E715DAC75E004A284D /* APServiceBoxTests.octest */;
			productType = "com.apple.product-type.bundle";
		};
/* End PBXNativeTarget section */

/* Begin PBXProject section */
		74EC06CD15DAC75D004A284D /* Project object */ = {
			isa = PBXProject;
			attributes = {
				LastUpgradeCheck = 0440;
				ORGANIZATIONNAME = "Antoine d'Otreppe";
			};
			buildConfigurationList = 74EC06D015DAC75D004A284D /* Build configuration list for PBXProject "APServiceBox" */;
			compatibilityVersion = "Xcode 3.2";
			developmentRegion = English;
			hasScannedForEncodings = 0;
			knownRegions = (
				en,
			);
			mainGroup = 74EC06CB15DAC75D004A284D;
			productRefGroup = 74EC06D715DAC75D004A284D /* Products */;
			projectDirPath = "";
			projectRoot = "";
			targets = (
				74EC06D515DAC75D004A284D /* APServiceBox */,
				74EC06E615DAC75E004A284D /* APServiceBoxTests */,
			);
		};
/* End PBXProject section */

/* Begin PBXResourcesBuildPhase section */
		74EC06E415DAC75E004A284D /* Resources */ = {
			isa = PBXResourcesBuildPhase;
			buildActionMask = 2147483647;
			files = (
				74EC06F515DAC75E004A284D /* InfoPlist.strings in Resources */,
			);
			runOnlyForDeploymentPostprocessing = 0;
		};
/* End PBXResourcesBuildPhase section */

/* Begin PBXShellScriptBuildPhase section */
		74EC06E515DAC75E004A284D /* ShellScript */ = {
			isa = PBXShellScriptBuildPhase;
			buildActionMask = 2147483647;
			files = (
			);
			inputPaths = (
			);
			outputPaths = (
			);
			runOnlyForDeploymentPostprocessing = 0;
			shellPath = /bin/sh;
			shellScript = "# Run the unit tests in this test bundle.\n\"${SYSTEM_DEVELOPER_DIR}/Tools/RunUnitTests\"\n";
		};
/* End PBXShellScriptBuildPhase section */

/* Begin PBXSourcesBuildPhase section */
		74EC06D215DAC75D004A284D /* Sources */ = {
			isa = PBXSourcesBuildPhase;
			buildActionMask = 2147483647;
			files = (
				74EC070E15DAC807004A284D /* APServiceBox.m in Sources */,
			);
			runOnlyForDeploymentPostprocessing = 0;
		};
		74EC06E215DAC75E004A284D /* Sources */ = {
			isa = PBXSourcesBuildPhase;
			buildActionMask = 2147483647;
			files = (
				74EC070915DAC7E8004A284D /* APServiceBoxTest.m in Sources */,
				74EC070A15DAC7E8004A284D /* Injectable.m in Sources */,
				74EC070B15DAC7E8004A284D /* InjectableSubclass.m in Sources */,
				74EC070F15DAC807004A284D /* APServiceBox.m in Sources */,
			);
			runOnlyForDeploymentPostprocessing = 0;
		};
/* End PBXSourcesBuildPhase section */

/* Begin PBXTargetDependency section */
		74EC06EE15DAC75E004A284D /* PBXTargetDependency */ = {
			isa = PBXTargetDependency;
			target = 74EC06D515DAC75D004A284D /* APServiceBox */;
			targetProxy = 74EC06ED15DAC75E004A284D /* PBXContainerItemProxy */;
		};
/* End PBXTargetDependency section */

/* Begin PBXVariantGroup section */
		74EC06F315DAC75E004A284D /* InfoPlist.strings */ = {
			isa = PBXVariantGroup;
			children = (
				74EC06F415DAC75E004A284D /* en */,
			);
			name = InfoPlist.strings;
			sourceTree = "<group>";
		};
/* End PBXVariantGroup section */

/* Begin XCBuildConfiguration section */
		74EC06F915DAC75E004A284D /* Debug */ = {
			isa = XCBuildConfiguration;
			buildSettings = {
				ALWAYS_SEARCH_USER_PATHS = NO;
				ARCHS = "$(ARCHS_STANDARD_32_BIT)";
				CLANG_CXX_LANGUAGE_STANDARD = "gnu++0x";
				CLANG_ENABLE_OBJC_ARC = YES;
				CLANG_WARN__DUPLICATE_METHOD_MATCH = YES;
				COPY_PHASE_STRIP = NO;
				GCC_C_LANGUAGE_STANDARD = gnu99;
				GCC_DYNAMIC_NO_PIC = NO;
				GCC_OPTIMIZATION_LEVEL = 0;
				GCC_PREPROCESSOR_DEFINITIONS = (
					"DEBUG=1",
					"$(inherited)",
				);
				GCC_SYMBOLS_PRIVATE_EXTERN = NO;
				GCC_VERSION = com.apple.compilers.llvm.clang.1_0;
				GCC_WARN_ABOUT_RETURN_TYPE = YES;
				GCC_WARN_UNINITIALIZED_AUTOS = YES;
				GCC_WARN_UNUSED_VARIABLE = YES;
				IPHONEOS_DEPLOYMENT_TARGET = 5.1;
				SDKROOT = iphoneos;
			};
			name = Debug;
		};
		74EC06FA15DAC75E004A284D /* Release */ = {
			isa = XCBuildConfiguration;
			buildSettings = {
				ALWAYS_SEARCH_USER_PATHS = NO;
				ARCHS = "$(ARCHS_STANDARD_32_BIT)";
				CLANG_CXX_LANGUAGE_STANDARD = "gnu++0x";
				CLANG_ENABLE_OBJC_ARC = YES;
				CLANG_WARN__DUPLICATE_METHOD_MATCH = YES;
				COPY_PHASE_STRIP = YES;
				GCC_C_LANGUAGE_STANDARD = gnu99;
				GCC_VERSION = com.apple.compilers.llvm.clang.1_0;
				GCC_WARN_ABOUT_RETURN_TYPE = YES;
				GCC_WARN_UNINITIALIZED_AUTOS = YES;
				GCC_WARN_UNUSED_VARIABLE = YES;
				IPHONEOS_DEPLOYMENT_TARGET = 5.1;
				SDKROOT = iphoneos;
				VALIDATE_PRODUCT = YES;
			};
			name = Release;
		};
		74EC06FC15DAC75E004A284D /* Debug */ = {
			isa = XCBuildConfiguration;
			buildSettings = {
				DSTROOT = /tmp/ServiceBox.dst;
				GCC_PRECOMPILE_PREFIX_HEADER = YES;
				GCC_PREFIX_HEADER = "ServiceBox/APServiceBox-Prefix.pch";
				OTHER_LDFLAGS = "-ObjC";
				PRODUCT_NAME = APServiceBox;
				SKIP_INSTALL = YES;
			};
			name = Debug;
		};
		74EC06FD15DAC75E004A284D /* Release */ = {
			isa = XCBuildConfiguration;
			buildSettings = {
				DSTROOT = /tmp/ServiceBox.dst;
				GCC_PRECOMPILE_PREFIX_HEADER = YES;
				GCC_PREFIX_HEADER = "ServiceBox/APServiceBox-Prefix.pch";
				OTHER_LDFLAGS = "-ObjC";
				PRODUCT_NAME = APServiceBox;
				SKIP_INSTALL = YES;
			};
			name = Release;
		};
		74EC06FF15DAC75E004A284D /* Debug */ = {
			isa = XCBuildConfiguration;
			buildSettings = {
				FRAMEWORK_SEARCH_PATHS = (
					"\"$(SDKROOT)/Developer/Library/Frameworks\"",
					"\"$(DEVELOPER_LIBRARY_DIR)/Frameworks\"",
				);
				GCC_PRECOMPILE_PREFIX_HEADER = YES;
				GCC_PREFIX_HEADER = "ServiceBox/APServiceBox-Prefix.pch";
				INFOPLIST_FILE = "ServiceBoxTests/APServiceBoxTests-Info.plist";
				PRODUCT_NAME = APServiceBoxTests;
				WRAPPER_EXTENSION = octest;
			};
			name = Debug;
		};
		74EC070015DAC75E004A284D /* Release */ = {
			isa = XCBuildConfiguration;
			buildSettings = {
				FRAMEWORK_SEARCH_PATHS = (
					"\"$(SDKROOT)/Developer/Library/Frameworks\"",
					"\"$(DEVELOPER_LIBRARY_DIR)/Frameworks\"",
				);
				GCC_PRECOMPILE_PREFIX_HEADER = YES;
				GCC_PREFIX_HEADER = "ServiceBox/APServiceBox-Prefix.pch";
				INFOPLIST_FILE = "ServiceBoxTests/APServiceBoxTests-Info.plist";
				PRODUCT_NAME = APServiceBoxTests;
				WRAPPER_EXTENSION = octest;
			};
			name = Release;
		};
/* End XCBuildConfiguration section */

/* Begin XCConfigurationList section */
		74EC06D015DAC75D004A284D /* Build configuration list for PBXProject "APServiceBox" */ = {
			isa = XCConfigurationList;
			buildConfigurations = (
				74EC06F915DAC75E004A284D /* Debug */,
				74EC06FA15DAC75E004A284D /* Release */,
			);
			defaultConfigurationIsVisible = 0;
			defaultConfigurationName = Release;
		};
		74EC06FB15DAC75E004A284D /* Build configuration list for PBXNativeTarget "APServiceBox" */ = {
			isa = XCConfigurationList;
			buildConfigurations = (
				74EC06FC15DAC75E004A284D /* Debug */,
				74EC06FD15DAC75E004A284D /* Release */,
			);
			defaultConfigurationIsVisible = 0;
		};
		74EC06FE15DAC75E004A284D /* Build configuration list for PBXNativeTarget "APServiceBoxTests" */ = {
			isa = XCConfigurationList;
			buildConfigurations = (
				74EC06FF15DAC75E004A284D /* Debug */,
				74EC070015DAC75E004A284D /* Release */,
			);
			defaultConfigurationIsVisible = 0;
		};
/* End XCConfigurationList section */
	};
	rootObject = 74EC06CD15DAC75D004A284D /* Project object */;
}
